
Microsoft Visual Studio Solution File, Format Version 12.00
# Visual Studio Version 16
VisualStudioVersion = 16.0.29411.138
MinimumVisualStudioVersion = 10.0.40219.1
Project("{9A19103F-16F7-4668-BE54-9A1E7A4F7556}") = "Button", "Button\Button.csproj", "{41EE29C4-C909-4C85-9741-0ABBB81F9BBD}"
EndProject
Project("{9A19103F-16F7-4668-BE54-9A1E7A4F7556}") = "XamlEditor", "xamlEditor\XamlEditor.csproj", "{0527E777-5EC8-49A0-8DAB-4DB067385F44}"
EndProject
Project("{9A19103F-16F7-4668-BE54-9A1E7A4F7556}") = "Clock", "Clock\Clock.csproj", "{427042B6-189A-4869-8475-23CE06029472}"
EndProject
Project("{2150E333-8FDC-42A3-9474-1A3956D46DE8}") = "Samples", "Samples", "{E1FB95BC-08ED-4731-9A98-4F0F0F9C38F7}"
EndProject
Project("{9A19103F-16F7-4668-BE54-9A1E7A4F7556}") = "ButtonXaml", "ButtonXaml\ButtonXaml.csproj", "{EDA307A6-05AF-4B04-AC38-17C72201872C}"
EndProject
Project("{9A19103F-16F7-4668-BE54-9A1E7A4F7556}") = "Alert", "Alert\Alert.csproj", "{2C36BE9D-4085-4850-BCC6-44A7621B2B00}"
EndProject
Project("{9A19103F-16F7-4668-BE54-9A1E7A4F7556}") = "MatrixClock", "MatrixClock\MatrixClock.csproj", "{F2BF27DD-A762-45CA-BCBB-2C644B2DD599}"
EndProject
Project("{9A19103F-16F7-4668-BE54-9A1E7A4F7556}") = "WrappingText", "WrappingText\WrappingText.csproj", "{139E07A3-9320-4D5C-BA62-962E49CE9A71}"
EndProject
Project("{9A19103F-16F7-4668-BE54-9A1E7A4F7556}") = "WebView", "WebView\WebView.csproj", "{D157F084-0837-4159-BA95-BE22A0FC8A60}"
EndProject
Project("{9A19103F-16F7-4668-BE54-9A1E7A4F7556}") = "RefreshListView", "RefreshListView\RefreshListView.csproj", "{A6BBC0A1-CC2E-4B58-8B7C-0B0E6B6729FC}"
EndProject
Project("{9A19103F-16F7-4668-BE54-9A1E7A4F7556}") = "BugSweeperPage", "BugSweeperPage\BugSweeperPage.csproj", "{FDBD1AFE-1A0D-45A1-8C55-560BA96C7C3F}"
EndProject
Project("{9A19103F-16F7-4668-BE54-9A1E7A4F7556}") = "ThreadButton", "ThreadButton\ThreadButton.csproj", "{B3D1B3DA-BE93-455F-AB4B-ADAADDDEFCB3}"
EndProject
Project("{9A19103F-16F7-4668-BE54-9A1E7A4F7556}") = "WasmWebSocket", "WasmWebSocket\WasmWebSocket.csproj", "{4FEFFAAD-F927-4B5F-895E-4F831600AC33}"
EndProject
Project("{9A19103F-16F7-4668-BE54-9A1E7A4F7556}") = "LocalStorage", "LocalStorage\LocalStorage.csproj", "{C21C7E9D-BF10-4F00-9F6A-DBCD62E5E88B}"
EndProject
Project("{2150E333-8FDC-42A3-9474-1A3956D46DE8}") = "WebGL", "WebGL", "{554CA24C-C584-45E5-94C9-ACFBA2B8F46D}"
EndProject
Project("{9A19103F-16F7-4668-BE54-9A1E7A4F7556}") = "DrawSamples", "DrawSamples\DrawSamples.csproj", "{9B0AF8DB-92F8-4C37-AAEA-7664FC699F32}"
EndProject
Project("{9A19103F-16F7-4668-BE54-9A1E7A4F7556}") = "RotatingCube", "RotatingCube\RotatingCube.csproj", "{D87CB852-DEE8-4295-83BE-896B23104736}"
EndProject
Project("{9A19103F-16F7-4668-BE54-9A1E7A4F7556}") = "WorkWithColors", "WorkWithColors\WorkWithColors.csproj", "{69979723-41CE-46FC-A2D0-32681A58EB5A}"
EndProject
Project("{9A19103F-16F7-4668-BE54-9A1E7A4F7556}") = "Threads", "Threads\Threads.csproj", "{2EB72F25-FEEC-49F3-A7E4-847AD5406B8B}"
EndProject
Project("{9A19103F-16F7-4668-BE54-9A1E7A4F7556}") = "NavigationSample", "NavigationSample\NavigationSample.csproj", "{1900B303-7AFE-4E28-AB35-C8FDF372B8D9}"
EndProject
Project("{9A19103F-16F7-4668-BE54-9A1E7A4F7556}") = "GameOfLife", "GameOfLife\GameOfLife.csproj", "{F928A345-4197-4F25-B5E4-C97EDF03F6E7}"
EndProject
Project("{2150E333-8FDC-42A3-9474-1A3956D46DE8}") = "Dom", "Dom", "{4FD3ED18-19DA-49DF-ABEF-4B95453BEA7E}"
EndProject
Project("{9A19103F-16F7-4668-BE54-9A1E7A4F7556}") = "CanvasClock", "CanvasClock\CanvasClock.csproj", "{F0E57312-D18D-4CBF-82FC-B3130902E39B}"
EndProject
Global
	GlobalSection(SolutionConfigurationPlatforms) = preSolution
		Debug|Any CPU = Debug|Any CPU
		Release|Any CPU = Release|Any CPU
	EndGlobalSection
	GlobalSection(ProjectConfigurationPlatforms) = postSolution
		{41EE29C4-C909-4C85-9741-0ABBB81F9BBD}.Debug|Any CPU.ActiveCfg = Debug|Any CPU
		{41EE29C4-C909-4C85-9741-0ABBB81F9BBD}.Debug|Any CPU.Build.0 = Debug|Any CPU
		{41EE29C4-C909-4C85-9741-0ABBB81F9BBD}.Release|Any CPU.ActiveCfg = Release|Any CPU
		{41EE29C4-C909-4C85-9741-0ABBB81F9BBD}.Release|Any CPU.Build.0 = Release|Any CPU
		{0527E777-5EC8-49A0-8DAB-4DB067385F44}.Debug|Any CPU.ActiveCfg = Debug|Any CPU
		{0527E777-5EC8-49A0-8DAB-4DB067385F44}.Debug|Any CPU.Build.0 = Debug|Any CPU
		{0527E777-5EC8-49A0-8DAB-4DB067385F44}.Release|Any CPU.ActiveCfg = Release|Any CPU
		{0527E777-5EC8-49A0-8DAB-4DB067385F44}.Release|Any CPU.Build.0 = Release|Any CPU
		{427042B6-189A-4869-8475-23CE06029472}.Debug|Any CPU.ActiveCfg = Debug|Any CPU
		{427042B6-189A-4869-8475-23CE06029472}.Debug|Any CPU.Build.0 = Debug|Any CPU
		{427042B6-189A-4869-8475-23CE06029472}.Release|Any CPU.ActiveCfg = Release|Any CPU
		{427042B6-189A-4869-8475-23CE06029472}.Release|Any CPU.Build.0 = Release|Any CPU
		{EDA307A6-05AF-4B04-AC38-17C72201872C}.Debug|Any CPU.ActiveCfg = Debug|Any CPU
		{EDA307A6-05AF-4B04-AC38-17C72201872C}.Debug|Any CPU.Build.0 = Debug|Any CPU
		{EDA307A6-05AF-4B04-AC38-17C72201872C}.Release|Any CPU.ActiveCfg = Release|Any CPU
		{EDA307A6-05AF-4B04-AC38-17C72201872C}.Release|Any CPU.Build.0 = Release|Any CPU
		{2C36BE9D-4085-4850-BCC6-44A7621B2B00}.Debug|Any CPU.ActiveCfg = Debug|Any CPU
		{2C36BE9D-4085-4850-BCC6-44A7621B2B00}.Debug|Any CPU.Build.0 = Debug|Any CPU
		{2C36BE9D-4085-4850-BCC6-44A7621B2B00}.Release|Any CPU.ActiveCfg = Release|Any CPU
		{2C36BE9D-4085-4850-BCC6-44A7621B2B00}.Release|Any CPU.Build.0 = Release|Any CPU
		{F2BF27DD-A762-45CA-BCBB-2C644B2DD599}.Debug|Any CPU.ActiveCfg = Debug|Any CPU
		{F2BF27DD-A762-45CA-BCBB-2C644B2DD599}.Debug|Any CPU.Build.0 = Debug|Any CPU
		{F2BF27DD-A762-45CA-BCBB-2C644B2DD599}.Release|Any CPU.ActiveCfg = Release|Any CPU
		{F2BF27DD-A762-45CA-BCBB-2C644B2DD599}.Release|Any CPU.Build.0 = Release|Any CPU
		{139E07A3-9320-4D5C-BA62-962E49CE9A71}.Debug|Any CPU.ActiveCfg = Debug|Any CPU
		{139E07A3-9320-4D5C-BA62-962E49CE9A71}.Debug|Any CPU.Build.0 = Debug|Any CPU
		{139E07A3-9320-4D5C-BA62-962E49CE9A71}.Release|Any CPU.ActiveCfg = Release|Any CPU
		{139E07A3-9320-4D5C-BA62-962E49CE9A71}.Release|Any CPU.Build.0 = Release|Any CPU
		{D157F084-0837-4159-BA95-BE22A0FC8A60}.Debug|Any CPU.ActiveCfg = Debug|Any CPU
		{D157F084-0837-4159-BA95-BE22A0FC8A60}.Debug|Any CPU.Build.0 = Debug|Any CPU
		{D157F084-0837-4159-BA95-BE22A0FC8A60}.Release|Any CPU.ActiveCfg = Release|Any CPU
		{D157F084-0837-4159-BA95-BE22A0FC8A60}.Release|Any CPU.Build.0 = Release|Any CPU
		{A6BBC0A1-CC2E-4B58-8B7C-0B0E6B6729FC}.Debug|Any CPU.ActiveCfg = Debug|Any CPU
		{A6BBC0A1-CC2E-4B58-8B7C-0B0E6B6729FC}.Debug|Any CPU.Build.0 = Debug|Any CPU
		{A6BBC0A1-CC2E-4B58-8B7C-0B0E6B6729FC}.Release|Any CPU.ActiveCfg = Release|Any CPU
		{A6BBC0A1-CC2E-4B58-8B7C-0B0E6B6729FC}.Release|Any CPU.Build.0 = Release|Any CPU
		{FDBD1AFE-1A0D-45A1-8C55-560BA96C7C3F}.Debug|Any CPU.ActiveCfg = Debug|Any CPU
		{FDBD1AFE-1A0D-45A1-8C55-560BA96C7C3F}.Debug|Any CPU.Build.0 = Debug|Any CPU
		{FDBD1AFE-1A0D-45A1-8C55-560BA96C7C3F}.Release|Any CPU.ActiveCfg = Release|Any CPU
		{FDBD1AFE-1A0D-45A1-8C55-560BA96C7C3F}.Release|Any CPU.Build.0 = Release|Any CPU
		{B3D1B3DA-BE93-455F-AB4B-ADAADDDEFCB3}.Debug|Any CPU.ActiveCfg = Debug|Any CPU
		{B3D1B3DA-BE93-455F-AB4B-ADAADDDEFCB3}.Debug|Any CPU.Build.0 = Debug|Any CPU
		{B3D1B3DA-BE93-455F-AB4B-ADAADDDEFCB3}.Release|Any CPU.ActiveCfg = Release|Any CPU
		{B3D1B3DA-BE93-455F-AB4B-ADAADDDEFCB3}.Release|Any CPU.Build.0 = Release|Any CPU
		{4FEFFAAD-F927-4B5F-895E-4F831600AC33}.Debug|Any CPU.ActiveCfg = Debug|Any CPU
		{4FEFFAAD-F927-4B5F-895E-4F831600AC33}.Debug|Any CPU.Build.0 = Debug|Any CPU
		{4FEFFAAD-F927-4B5F-895E-4F831600AC33}.Release|Any CPU.ActiveCfg = Release|Any CPU
		{4FEFFAAD-F927-4B5F-895E-4F831600AC33}.Release|Any CPU.Build.0 = Release|Any CPU
		{C21C7E9D-BF10-4F00-9F6A-DBCD62E5E88B}.Debug|Any CPU.ActiveCfg = Debug|Any CPU
		{C21C7E9D-BF10-4F00-9F6A-DBCD62E5E88B}.Debug|Any CPU.Build.0 = Debug|Any CPU
		{C21C7E9D-BF10-4F00-9F6A-DBCD62E5E88B}.Release|Any CPU.ActiveCfg = Release|Any CPU
		{C21C7E9D-BF10-4F00-9F6A-DBCD62E5E88B}.Release|Any CPU.Build.0 = Release|Any CPU
		{9B0AF8DB-92F8-4C37-AAEA-7664FC699F32}.Debug|Any CPU.ActiveCfg = Debug|Any CPU
		{9B0AF8DB-92F8-4C37-AAEA-7664FC699F32}.Debug|Any CPU.Build.0 = Debug|Any CPU
		{9B0AF8DB-92F8-4C37-AAEA-7664FC699F32}.Release|Any CPU.ActiveCfg = Release|Any CPU
		{9B0AF8DB-92F8-4C37-AAEA-7664FC699F32}.Release|Any CPU.Build.0 = Release|Any CPU
		{D87CB852-DEE8-4295-83BE-896B23104736}.Debug|Any CPU.ActiveCfg = Debug|Any CPU
		{D87CB852-DEE8-4295-83BE-896B23104736}.Debug|Any CPU.Build.0 = Debug|Any CPU
		{D87CB852-DEE8-4295-83BE-896B23104736}.Release|Any CPU.ActiveCfg = Release|Any CPU
		{D87CB852-DEE8-4295-83BE-896B23104736}.Release|Any CPU.Build.0 = Release|Any CPU
		{69979723-41CE-46FC-A2D0-32681A58EB5A}.Debug|Any CPU.ActiveCfg = Debug|Any CPU
		{69979723-41CE-46FC-A2D0-32681A58EB5A}.Debug|Any CPU.Build.0 = Debug|Any CPU
		{69979723-41CE-46FC-A2D0-32681A58EB5A}.Release|Any CPU.ActiveCfg = Release|Any CPU
		{69979723-41CE-46FC-A2D0-32681A58EB5A}.Release|Any CPU.Build.0 = Release|Any CPU
		{2EB72F25-FEEC-49F3-A7E4-847AD5406B8B}.Debug|Any CPU.ActiveCfg = Debug|Any CPU
		{2EB72F25-FEEC-49F3-A7E4-847AD5406B8B}.Debug|Any CPU.Build.0 = Debug|Any CPU
		{2EB72F25-FEEC-49F3-A7E4-847AD5406B8B}.Release|Any CPU.ActiveCfg = Release|Any CPU
		{2EB72F25-FEEC-49F3-A7E4-847AD5406B8B}.Release|Any CPU.Build.0 = Release|Any CPU
		{1900B303-7AFE-4E28-AB35-C8FDF372B8D9}.Debug|Any CPU.ActiveCfg = Debug|Any CPU
		{1900B303-7AFE-4E28-AB35-C8FDF372B8D9}.Debug|Any CPU.Build.0 = Debug|Any CPU
		{1900B303-7AFE-4E28-AB35-C8FDF372B8D9}.Release|Any CPU.ActiveCfg = Release|Any CPU
		{1900B303-7AFE-4E28-AB35-C8FDF372B8D9}.Release|Any CPU.Build.0 = Release|Any CPU
		{F928A345-4197-4F25-B5E4-C97EDF03F6E7}.Debug|Any CPU.ActiveCfg = Debug|Any CPU
		{F928A345-4197-4F25-B5E4-C97EDF03F6E7}.Debug|Any CPU.Build.0 = Debug|Any CPU
		{F928A345-4197-4F25-B5E4-C97EDF03F6E7}.Release|Any CPU.ActiveCfg = Release|Any CPU
		{F928A345-4197-4F25-B5E4-C97EDF03F6E7}.Release|Any CPU.Build.0 = Release|Any CPU
		{F0E57312-D18D-4CBF-82FC-B3130902E39B}.Debug|Any CPU.ActiveCfg = Debug|Any CPU
		{F0E57312-D18D-4CBF-82FC-B3130902E39B}.Debug|Any CPU.Build.0 = Debug|Any CPU
		{F0E57312-D18D-4CBF-82FC-B3130902E39B}.Release|Any CPU.ActiveCfg = Release|Any CPU
		{F0E57312-D18D-4CBF-82FC-B3130902E39B}.Release|Any CPU.Build.0 = Release|Any CPU
	EndGlobalSection
	GlobalSection(SolutionProperties) = preSolution
		HideSolutionNode = FALSE
	EndGlobalSection
	GlobalSection(NestedProjects) = preSolution
		{41EE29C4-C909-4C85-9741-0ABBB81F9BBD} = {E1FB95BC-08ED-4731-9A98-4F0F0F9C38F7}
		{0527E777-5EC8-49A0-8DAB-4DB067385F44} = {E1FB95BC-08ED-4731-9A98-4F0F0F9C38F7}
		{427042B6-189A-4869-8475-23CE06029472} = {E1FB95BC-08ED-4731-9A98-4F0F0F9C38F7}
		{EDA307A6-05AF-4B04-AC38-17C72201872C} = {E1FB95BC-08ED-4731-9A98-4F0F0F9C38F7}
		{2C36BE9D-4085-4850-BCC6-44A7621B2B00} = {E1FB95BC-08ED-4731-9A98-4F0F0F9C38F7}
		{F2BF27DD-A762-45CA-BCBB-2C644B2DD599} = {E1FB95BC-08ED-4731-9A98-4F0F0F9C38F7}
		{139E07A3-9320-4D5C-BA62-962E49CE9A71} = {E1FB95BC-08ED-4731-9A98-4F0F0F9C38F7}
		{D157F084-0837-4159-BA95-BE22A0FC8A60} = {E1FB95BC-08ED-4731-9A98-4F0F0F9C38F7}
		{A6BBC0A1-CC2E-4B58-8B7C-0B0E6B6729FC} = {E1FB95BC-08ED-4731-9A98-4F0F0F9C38F7}
		{FDBD1AFE-1A0D-45A1-8C55-560BA96C7C3F} = {E1FB95BC-08ED-4731-9A98-4F0F0F9C38F7}
		{B3D1B3DA-BE93-455F-AB4B-ADAADDDEFCB3} = {E1FB95BC-08ED-4731-9A98-4F0F0F9C38F7}
		{4FEFFAAD-F927-4B5F-895E-4F831600AC33} = {E1FB95BC-08ED-4731-9A98-4F0F0F9C38F7}
		{C21C7E9D-BF10-4F00-9F6A-DBCD62E5E88B} = {E1FB95BC-08ED-4731-9A98-4F0F0F9C38F7}
		{9B0AF8DB-92F8-4C37-AAEA-7664FC699F32} = {E1FB95BC-08ED-4731-9A98-4F0F0F9C38F7}
		{D87CB852-DEE8-4295-83BE-896B23104736} = {554CA24C-C584-45E5-94C9-ACFBA2B8F46D}
		{69979723-41CE-46FC-A2D0-32681A58EB5A} = {E1FB95BC-08ED-4731-9A98-4F0F0F9C38F7}
		{2EB72F25-FEEC-49F3-A7E4-847AD5406B8B} = {E1FB95BC-08ED-4731-9A98-4F0F0F9C38F7}
		{1900B303-7AFE-4E28-AB35-C8FDF372B8D9} = {E1FB95BC-08ED-4731-9A98-4F0F0F9C38F7}
		{F928A345-4197-4F25-B5E4-C97EDF03F6E7} = {E1FB95BC-08ED-4731-9A98-4F0F0F9C38F7}
		{F0E57312-D18D-4CBF-82FC-B3130902E39B} = {4FD3ED18-19DA-49DF-ABEF-4B95453BEA7E}
	EndGlobalSection
	GlobalSection(ExtensibilityGlobals) = postSolution
		SolutionGuid = {18D78F41-A02E-4F04-B470-403CAA44B3DC}
	EndGlobalSection
EndGlobal
